
Microsoft Visual Studio Solution File, Format Version 12.00
# Visual Studio Version 17
VisualStudioVersion = 17.10.34916.146
MinimumVisualStudioVersion = 10.0.40219.1
Project("{9A19103F-16F7-4668-BE54-9A1E7A4F7556}") = "MooGames.Menu", "MooGames.UI\MooGames.Menu.csproj", "{45264412-8B4C-4FF8-A7A7-6FACC45A59DB}"
EndProject
Project("{9A19103F-16F7-4668-BE54-9A1E7A4F7556}") = "MooGames.Data", "MooGames.Data\MooGames.Data.csproj", "{025C64FA-5AA9-474C-B50A-E437B58D36FD}"
EndProject
Project("{9A19103F-16F7-4668-BE54-9A1E7A4F7556}") = "MooGame", "MooGames.Business\MooGame.csproj", "{C2C05F7B-FD66-4C55-864F-DFB92C338193}"
EndProject
Project("{9A19103F-16F7-4668-BE54-9A1E7A4F7556}") = "MooGames.Common", "Common\MooGames.Common.csproj", "{090E628F-381A-4EF9-A1CE-C4DFCD99F372}"
EndProject
Global
	GlobalSection(SolutionConfigurationPlatforms) = preSolution
		Debug|Any CPU = Debug|Any CPU
		Release|Any CPU = Release|Any CPU
	EndGlobalSection
	GlobalSection(ProjectConfigurationPlatforms) = postSolution
		{45264412-8B4C-4FF8-A7A7-6FACC45A59DB}.Debug|Any CPU.ActiveCfg = Debug|Any CPU
		{45264412-8B4C-4FF8-A7A7-6FACC45A59DB}.Debug|Any CPU.Build.0 = Debug|Any CPU
		{45264412-8B4C-4FF8-A7A7-6FACC45A59DB}.Release|Any CPU.ActiveCfg = Release|Any CPU
		{45264412-8B4C-4FF8-A7A7-6FACC45A59DB}.Release|Any CPU.Build.0 = Release|Any CPU
		{025C64FA-5AA9-474C-B50A-E437B58D36FD}.Debug|Any CPU.ActiveCfg = Debug|Any CPU
		{025C64FA-5AA9-474C-B50A-E437B58D36FD}.Debug|Any CPU.Build.0 = Debug|Any CPU
		{025C64FA-5AA9-474C-B50A-E437B58D36FD}.Release|Any CPU.ActiveCfg = Release|Any CPU
		{025C64FA-5AA9-474C-B50A-E437B58D36FD}.Release|Any CPU.Build.0 = Release|Any CPU
		{C2C05F7B-FD66-4C55-864F-DFB92C338193}.Debug|Any CPU.ActiveCfg = Debug|Any CPU
		{C2C05F7B-FD66-4C55-864F-DFB92C338193}.Debug|Any CPU.Build.0 = Debug|Any CPU
		{C2C05F7B-FD66-4C55-864F-DFB92C338193}.Release|Any CPU.ActiveCfg = Release|Any CPU
		{C2C05F7B-FD66-4C55-864F-DFB92C338193}.Release|Any CPU.Build.0 = Release|Any CPU
		{090E628F-381A-4EF9-A1CE-C4DFCD99F372}.Debug|Any CPU.ActiveCfg = Debug|Any CPU
		{090E628F-381A-4EF9-A1CE-C4DFCD99F372}.Debug|Any CPU.Build.0 = Debug|Any CPU
		{090E628F-381A-4EF9-A1CE-C4DFCD99F372}.Release|Any CPU.ActiveCfg = Release|Any CPU
		{090E628F-381A-4EF9-A1CE-C4DFCD99F372}.Release|Any CPU.Build.0 = Release|Any CPU
	EndGlobalSection
	GlobalSection(SolutionProperties) = preSolution
		HideSolutionNode = FALSE
	EndGlobalSection
	GlobalSection(ExtensibilityGlobals) = postSolution
		SolutionGuid = {791D0C7D-956E-4DB1-8850-736F97E83370}
	EndGlobalSection
EndGlobal
