
Microsoft Visual Studio Solution File, Format Version 12.00
# Visual Studio Version 17
VisualStudioVersion = 17.10.34916.146
MinimumVisualStudioVersion = 10.0.40219.1
Project("{9A19103F-16F7-4668-BE54-9A1E7A4F7556}") = "Games.Menu", "MooGames.UI\Games.Menu.csproj", "{45264412-8B4C-4FF8-A7A7-6FACC45A59DB}"
EndProject
Project("{9A19103F-16F7-4668-BE54-9A1E7A4F7556}") = "Games.Data", "MooGames.Data\Games.Data.csproj", "{025C64FA-5AA9-474C-B50A-E437B58D36FD}"
EndProject
Project("{9A19103F-16F7-4668-BE54-9A1E7A4F7556}") = "MooGame", "MooGames.Business\MooGame.csproj", "{C2C05F7B-FD66-4C55-864F-DFB92C338193}"
EndProject
Project("{9A19103F-16F7-4668-BE54-9A1E7A4F7556}") = "Games.Common", "Common\Games.Common.csproj", "{090E628F-381A-4EF9-A1CE-C4DFCD99F372}"
EndProject
Project("{9A19103F-16F7-4668-BE54-9A1E7A4F7556}") = "MooGames.MenuMooGames.Menu_Tests", "MooGames.MenuMooGames.Menu_Tests\MooGames.MenuMooGames.Menu_Tests.csproj", "{BE77E360-1C61-4FE1-8512-0DEB1967AB6C}"
EndProject
Project("{9A19103F-16F7-4668-BE54-9A1E7A4F7556}") = "MooGameMooGame_Tests", "MooGameMooGame_Tests\MooGameMooGame_Tests.csproj", "{624AC372-EBE9-4B08-A6B6-8DFE6C7A84AF}"
EndProject
Project("{FAE04EC0-301F-11D3-BF4B-00C04F79EFBC}") = "ArenaFighter", "ArenaFighter\ArenaFighter.csproj", "{C83216CF-ABDD-405E-BC15-E9ECF19F2270}"
EndProject
Global
	GlobalSection(SolutionConfigurationPlatforms) = preSolution
		Debug|Any CPU = Debug|Any CPU
		Release|Any CPU = Release|Any CPU
	EndGlobalSection
	GlobalSection(ProjectConfigurationPlatforms) = postSolution
		{45264412-8B4C-4FF8-A7A7-6FACC45A59DB}.Debug|Any CPU.ActiveCfg = Debug|Any CPU
		{45264412-8B4C-4FF8-A7A7-6FACC45A59DB}.Debug|Any CPU.Build.0 = Debug|Any CPU
		{45264412-8B4C-4FF8-A7A7-6FACC45A59DB}.Release|Any CPU.ActiveCfg = Release|Any CPU
		{45264412-8B4C-4FF8-A7A7-6FACC45A59DB}.Release|Any CPU.Build.0 = Release|Any CPU
		{025C64FA-5AA9-474C-B50A-E437B58D36FD}.Debug|Any CPU.ActiveCfg = Debug|Any CPU
		{025C64FA-5AA9-474C-B50A-E437B58D36FD}.Debug|Any CPU.Build.0 = Debug|Any CPU
		{025C64FA-5AA9-474C-B50A-E437B58D36FD}.Release|Any CPU.ActiveCfg = Release|Any CPU
		{025C64FA-5AA9-474C-B50A-E437B58D36FD}.Release|Any CPU.Build.0 = Release|Any CPU
		{C2C05F7B-FD66-4C55-864F-DFB92C338193}.Debug|Any CPU.ActiveCfg = Debug|Any CPU
		{C2C05F7B-FD66-4C55-864F-DFB92C338193}.Debug|Any CPU.Build.0 = Debug|Any CPU
		{C2C05F7B-FD66-4C55-864F-DFB92C338193}.Release|Any CPU.ActiveCfg = Release|Any CPU
		{C2C05F7B-FD66-4C55-864F-DFB92C338193}.Release|Any CPU.Build.0 = Release|Any CPU
		{090E628F-381A-4EF9-A1CE-C4DFCD99F372}.Debug|Any CPU.ActiveCfg = Debug|Any CPU
		{090E628F-381A-4EF9-A1CE-C4DFCD99F372}.Debug|Any CPU.Build.0 = Debug|Any CPU
		{090E628F-381A-4EF9-A1CE-C4DFCD99F372}.Release|Any CPU.ActiveCfg = Release|Any CPU
		{090E628F-381A-4EF9-A1CE-C4DFCD99F372}.Release|Any CPU.Build.0 = Release|Any CPU
		{BE77E360-1C61-4FE1-8512-0DEB1967AB6C}.Debug|Any CPU.ActiveCfg = Debug|Any CPU
		{BE77E360-1C61-4FE1-8512-0DEB1967AB6C}.Debug|Any CPU.Build.0 = Debug|Any CPU
		{BE77E360-1C61-4FE1-8512-0DEB1967AB6C}.Release|Any CPU.ActiveCfg = Release|Any CPU
		{BE77E360-1C61-4FE1-8512-0DEB1967AB6C}.Release|Any CPU.Build.0 = Release|Any CPU
		{624AC372-EBE9-4B08-A6B6-8DFE6C7A84AF}.Debug|Any CPU.ActiveCfg = Debug|Any CPU
		{624AC372-EBE9-4B08-A6B6-8DFE6C7A84AF}.Debug|Any CPU.Build.0 = Debug|Any CPU
		{624AC372-EBE9-4B08-A6B6-8DFE6C7A84AF}.Release|Any CPU.ActiveCfg = Release|Any CPU
		{624AC372-EBE9-4B08-A6B6-8DFE6C7A84AF}.Release|Any CPU.Build.0 = Release|Any CPU
		{C83216CF-ABDD-405E-BC15-E9ECF19F2270}.Debug|Any CPU.ActiveCfg = Debug|Any CPU
		{C83216CF-ABDD-405E-BC15-E9ECF19F2270}.Debug|Any CPU.Build.0 = Debug|Any CPU
		{C83216CF-ABDD-405E-BC15-E9ECF19F2270}.Release|Any CPU.ActiveCfg = Release|Any CPU
		{C83216CF-ABDD-405E-BC15-E9ECF19F2270}.Release|Any CPU.Build.0 = Release|Any CPU
	EndGlobalSection
	GlobalSection(SolutionProperties) = preSolution
		HideSolutionNode = FALSE
	EndGlobalSection
	GlobalSection(ExtensibilityGlobals) = postSolution
		SolutionGuid = {791D0C7D-956E-4DB1-8850-736F97E83370}
	EndGlobalSection
EndGlobal
